
Microsoft Visual Studio Solution File, Format Version 12.00
# Visual Studio for Mac
Project("{FAE04EC0-301F-11D3-BF4B-00C04F79EFBC}") = "Arcade Game", "Arcade Game.csproj", "{844F6B86-3CFF-AB59-5705-CEC88D40DAA5}"
EndProject
Project("{FAE04EC0-301F-11D3-BF4B-00C04F79EFBC}") = "Arcade Game.Editor", "Arcade Game.Editor.csproj", "{B3E493C7-6DD7-9F9F-4124-79A99C74CA9B}"
EndProject
Global
	GlobalSection(SolutionConfigurationPlatforms) = preSolution
		Debug|Any CPU = Debug|Any CPU
		Release|Any CPU = Release|Any CPU
	EndGlobalSection
	GlobalSection(ProjectConfigurationPlatforms) = postSolution
		{844F6B86-3CFF-AB59-5705-CEC88D40DAA5}.Debug|Any CPU.ActiveCfg = Debug|Any CPU
		{844F6B86-3CFF-AB59-5705-CEC88D40DAA5}.Debug|Any CPU.Build.0 = Debug|Any CPU
		{844F6B86-3CFF-AB59-5705-CEC88D40DAA5}.Release|Any CPU.ActiveCfg = Release|Any CPU
		{844F6B86-3CFF-AB59-5705-CEC88D40DAA5}.Release|Any CPU.Build.0 = Release|Any CPU
		{B3E493C7-6DD7-9F9F-4124-79A99C74CA9B}.Debug|Any CPU.ActiveCfg = Debug|Any CPU
		{B3E493C7-6DD7-9F9F-4124-79A99C74CA9B}.Debug|Any CPU.Build.0 = Debug|Any CPU
		{B3E493C7-6DD7-9F9F-4124-79A99C74CA9B}.Release|Any CPU.ActiveCfg = Release|Any CPU
		{B3E493C7-6DD7-9F9F-4124-79A99C74CA9B}.Release|Any CPU.Build.0 = Release|Any CPU
	EndGlobalSection
	GlobalSection(SolutionProperties) = preSolution
		HideSolutionNode = FALSE
	EndGlobalSection
EndGlobal
